
Microsoft Visual Studio Solution File, Format Version 12.00
# Visual Studio Version 16
VisualStudioVersion = 16.0.31410.357
MinimumVisualStudioVersion = 10.0.40219.1
Project("{FAE04EC0-301F-11D3-BF4B-00C04F79EFBC}") = "ShortTimeMemo", "ShortTimeMemo.csproj", "{2EAFE381-9296-43EC-8085-982947C9466F}"
EndProject
Global
	GlobalSection(SolutionConfigurationPlatforms) = preSolution
		Debug|Any CPU = Debug|Any CPU
		Release|Any CPU = Release|Any CPU
	EndGlobalSection
	GlobalSection(ProjectConfigurationPlatforms) = postSolution
		{2EAFE381-9296-43EC-8085-982947C9466F}.Debug|Any CPU.ActiveCfg = Debug|Any CPU
		{2EAFE381-9296-43EC-8085-982947C9466F}.Debug|Any CPU.Build.0 = Debug|Any CPU
		{2EAFE381-9296-43EC-8085-982947C9466F}.Release|Any CPU.ActiveCfg = Release|Any CPU
		{2EAFE381-9296-43EC-8085-982947C9466F}.Release|Any CPU.Build.0 = Release|Any CPU
	EndGlobalSection
	GlobalSection(SolutionProperties) = preSolution
		HideSolutionNode = FALSE
	EndGlobalSection
	GlobalSection(ExtensibilityGlobals) = postSolution
		SolutionGuid = {EBB8E2AC-DE65-4FCC-BE78-EE4FB982C964}
	EndGlobalSection
EndGlobal
